
Microsoft Visual Studio Solution File, Format Version 12.00
# Visual Studio Version 16
VisualStudioVersion = 16.0.31129.286
MinimumVisualStudioVersion = 10.0.40219.1
Project("{FAE04EC0-301F-11D3-BF4B-00C04F79EFBC}") = "emtehani10", "emtehani10\emtehani10.csproj", "{CFE54343-C31D-4E79-8C11-CE30BC9C2FF9}"
EndProject
Global
	GlobalSection(SolutionConfigurationPlatforms) = preSolution
		Debug|Any CPU = Debug|Any CPU
		Release|Any CPU = Release|Any CPU
	EndGlobalSection
	GlobalSection(ProjectConfigurationPlatforms) = postSolution
		{CFE54343-C31D-4E79-8C11-CE30BC9C2FF9}.Debug|Any CPU.ActiveCfg = Debug|Any CPU
		{CFE54343-C31D-4E79-8C11-CE30BC9C2FF9}.Debug|Any CPU.Build.0 = Debug|Any CPU
		{CFE54343-C31D-4E79-8C11-CE30BC9C2FF9}.Release|Any CPU.ActiveCfg = Release|Any CPU
		{CFE54343-C31D-4E79-8C11-CE30BC9C2FF9}.Release|Any CPU.Build.0 = Release|Any CPU
	EndGlobalSection
	GlobalSection(SolutionProperties) = preSolution
		HideSolutionNode = FALSE
	EndGlobalSection
	GlobalSection(ExtensibilityGlobals) = postSolution
		SolutionGuid = {133CBA02-796A-4895-B2EF-B1050BDE0A3D}
	EndGlobalSection
EndGlobal
