
Microsoft Visual Studio Solution File, Format Version 12.00
# Visual Studio Version 16
VisualStudioVersion = 16.0.31129.286
MinimumVisualStudioVersion = 10.0.40219.1
Project("{FAE04EC0-301F-11D3-BF4B-00C04F79EFBC}") = "formboss", "formboss\formboss.csproj", "{0C59A880-7EF6-485D-97E3-1BFA38CCE9F2}"
EndProject
Global
	GlobalSection(SolutionConfigurationPlatforms) = preSolution
		Debug|Any CPU = Debug|Any CPU
		Release|Any CPU = Release|Any CPU
	EndGlobalSection
	GlobalSection(ProjectConfigurationPlatforms) = postSolution
		{0C59A880-7EF6-485D-97E3-1BFA38CCE9F2}.Debug|Any CPU.ActiveCfg = Debug|Any CPU
		{0C59A880-7EF6-485D-97E3-1BFA38CCE9F2}.Debug|Any CPU.Build.0 = Debug|Any CPU
		{0C59A880-7EF6-485D-97E3-1BFA38CCE9F2}.Release|Any CPU.ActiveCfg = Release|Any CPU
		{0C59A880-7EF6-485D-97E3-1BFA38CCE9F2}.Release|Any CPU.Build.0 = Release|Any CPU
	EndGlobalSection
	GlobalSection(SolutionProperties) = preSolution
		HideSolutionNode = FALSE
	EndGlobalSection
	GlobalSection(ExtensibilityGlobals) = postSolution
		SolutionGuid = {B872CD9F-CD1B-4316-B4E4-A365DDBBC174}
	EndGlobalSection
EndGlobal
