
Microsoft Visual Studio Solution File, Format Version 12.00
# Visual Studio Version 16
VisualStudioVersion = 16.0.31129.286
MinimumVisualStudioVersion = 10.0.40219.1
Project("{FAE04EC0-301F-11D3-BF4B-00C04F79EFBC}") = "diagram", "diagram\diagram.csproj", "{A13A01E2-BEEA-491E-9681-41E4983D786E}"
EndProject
Global
	GlobalSection(SolutionConfigurationPlatforms) = preSolution
		Debug|Any CPU = Debug|Any CPU
		Release|Any CPU = Release|Any CPU
	EndGlobalSection
	GlobalSection(ProjectConfigurationPlatforms) = postSolution
		{A13A01E2-BEEA-491E-9681-41E4983D786E}.Debug|Any CPU.ActiveCfg = Debug|Any CPU
		{A13A01E2-BEEA-491E-9681-41E4983D786E}.Debug|Any CPU.Build.0 = Debug|Any CPU
		{A13A01E2-BEEA-491E-9681-41E4983D786E}.Release|Any CPU.ActiveCfg = Release|Any CPU
		{A13A01E2-BEEA-491E-9681-41E4983D786E}.Release|Any CPU.Build.0 = Release|Any CPU
	EndGlobalSection
	GlobalSection(SolutionProperties) = preSolution
		HideSolutionNode = FALSE
	EndGlobalSection
	GlobalSection(ExtensibilityGlobals) = postSolution
		SolutionGuid = {63A9ACA3-B6AC-444F-AD9D-2F21BF9BC32E}
	EndGlobalSection
EndGlobal
